{
  "object": {
    "pins": [
      {
        "package": "Alamofire",
        "repositoryURL": "https://github.com/Alamofire/Alamofire",
        "state": {
          "branch": null,
          "revision": "fca036f7aeca07124067cb6e0c12b0ad6359e3d4",
          "version": "5.1.0"
        }
      },
      {
        "package": "Introspect",
        "repositoryURL": "https://github.com/timbersoftware/SwiftUI-Introspect.git",
        "state": {
          "branch": "master",
          "revision": "1a3d3c8bf78199f0f2a19794578134800cd62e29",
          "version": null
        }
      },
      {
        "package": "SwiftUIX",
        "repositoryURL": "https://github.com/SwiftUIX/SwiftUIX",
        "state": {
          "branch": "master",
          "revision": "2b83585244ff9fef3722c2add70d415688f54a73",
          "version": null
        }
      }
    ]
  },
  "version": 1
}
